
Microsoft Visual Studio Solution File, Format Version 12.00
# Visual Studio Version 17
VisualStudioVersion = 17.0.31903.59
MinimumVisualStudioVersion = 10.0.40219.1
Project("{9A19103F-16F7-4668-BE54-9A1E7A4F7556}") = "Api", "Api\Api.csproj", "{6BD12225-F882-406F-9DF8-E78F8CE2D38E}"
EndProject
Project("{9A19103F-16F7-4668-BE54-9A1E7A4F7556}") = "Api.SharedKernel", "Api.SharedKernel\Api.SharedKernel.csproj", "{618BEB5B-5512-4A5B-958D-9514B5DF24BF}"
EndProject
Project("{9A19103F-16F7-4668-BE54-9A1E7A4F7556}") = "Api.Infraestructure", "Api.Infraestructure\Api.Infraestructure.csproj", "{CCA3FF38-9793-4D55-8358-FE4175A8D558}"
EndProject
Project("{9A19103F-16F7-4668-BE54-9A1E7A4F7556}") = "Api.Domain", "Api.Domain\Api.Domain.csproj", "{7D49DD16-B9A8-4509-8EE6-2A5840C93AA3}"
EndProject
Project("{9A19103F-16F7-4668-BE54-9A1E7A4F7556}") = "Api.Application", "Api.Application\Api.Application.csproj", "{E1B9DFA7-7729-47A1-99E3-E1480A76E0B9}"
EndProject
Global
	GlobalSection(SolutionConfigurationPlatforms) = preSolution
		Debug|Any CPU = Debug|Any CPU
		Release|Any CPU = Release|Any CPU
	EndGlobalSection
	GlobalSection(ProjectConfigurationPlatforms) = postSolution
		{6BD12225-F882-406F-9DF8-E78F8CE2D38E}.Debug|Any CPU.ActiveCfg = Debug|Any CPU
		{6BD12225-F882-406F-9DF8-E78F8CE2D38E}.Debug|Any CPU.Build.0 = Debug|Any CPU
		{6BD12225-F882-406F-9DF8-E78F8CE2D38E}.Release|Any CPU.ActiveCfg = Release|Any CPU
		{6BD12225-F882-406F-9DF8-E78F8CE2D38E}.Release|Any CPU.Build.0 = Release|Any CPU
		{618BEB5B-5512-4A5B-958D-9514B5DF24BF}.Debug|Any CPU.ActiveCfg = Debug|Any CPU
		{618BEB5B-5512-4A5B-958D-9514B5DF24BF}.Debug|Any CPU.Build.0 = Debug|Any CPU
		{618BEB5B-5512-4A5B-958D-9514B5DF24BF}.Release|Any CPU.ActiveCfg = Release|Any CPU
		{618BEB5B-5512-4A5B-958D-9514B5DF24BF}.Release|Any CPU.Build.0 = Release|Any CPU
		{CCA3FF38-9793-4D55-8358-FE4175A8D558}.Debug|Any CPU.ActiveCfg = Debug|Any CPU
		{CCA3FF38-9793-4D55-8358-FE4175A8D558}.Debug|Any CPU.Build.0 = Debug|Any CPU
		{CCA3FF38-9793-4D55-8358-FE4175A8D558}.Release|Any CPU.ActiveCfg = Release|Any CPU
		{CCA3FF38-9793-4D55-8358-FE4175A8D558}.Release|Any CPU.Build.0 = Release|Any CPU
		{7D49DD16-B9A8-4509-8EE6-2A5840C93AA3}.Debug|Any CPU.ActiveCfg = Debug|Any CPU
		{7D49DD16-B9A8-4509-8EE6-2A5840C93AA3}.Debug|Any CPU.Build.0 = Debug|Any CPU
		{7D49DD16-B9A8-4509-8EE6-2A5840C93AA3}.Release|Any CPU.ActiveCfg = Release|Any CPU
		{7D49DD16-B9A8-4509-8EE6-2A5840C93AA3}.Release|Any CPU.Build.0 = Release|Any CPU
		{E1B9DFA7-7729-47A1-99E3-E1480A76E0B9}.Debug|Any CPU.ActiveCfg = Debug|Any CPU
		{E1B9DFA7-7729-47A1-99E3-E1480A76E0B9}.Debug|Any CPU.Build.0 = Debug|Any CPU
		{E1B9DFA7-7729-47A1-99E3-E1480A76E0B9}.Release|Any CPU.ActiveCfg = Release|Any CPU
		{E1B9DFA7-7729-47A1-99E3-E1480A76E0B9}.Release|Any CPU.Build.0 = Release|Any CPU
	EndGlobalSection
	GlobalSection(SolutionProperties) = preSolution
		HideSolutionNode = FALSE
	EndGlobalSection
	GlobalSection(ExtensibilityGlobals) = postSolution
		SolutionGuid = {3D722CA1-4BF4-490F-98FC-4FBAA464A68E}
	EndGlobalSection
EndGlobal
